// !$*UTF8*$!
{
	archiveVersion = 1;
	classes = {
	};
	objectVersion = 77;
	objects = {

/* Begin PBXContainerItemProxy section */
		3345786B2D09CAE800413004 /* PBXContainerItemProxy */ = {
			isa = PBXContainerItemProxy;
			containerPortal = 3345784C2D09CAE700413004 /* Project object */;
			proxyType = 1;
			remoteGlobalIDString = 334578532D09CAE700413004;
			remoteInfo = RickMortyPedia;
		};
		334578752D09CAE800413004 /* PBXContainerItemProxy */ = {
			isa = PBXContainerItemProxy;
			containerPortal = 3345784C2D09CAE700413004 /* Project object */;
			proxyType = 1;
			remoteGlobalIDString = 334578532D09CAE700413004;
			remoteInfo = RickMortyPedia;
		};
/* End PBXContainerItemProxy section */

/* Begin PBXFileReference section */
		334578542D09CAE700413004 /* RickMortyPedia.app */ = {isa = PBXFileReference; explicitFileType = wrapper.application; includeInIndex = 0; path = RickMortyPedia.app; sourceTree = BUILT_PRODUCTS_DIR; };
		3345786A2D09CAE800413004 /* RickMortyPediaTests.xctest */ = {isa = PBXFileReference; explicitFileType = wrapper.cfbundle; includeInIndex = 0; path = RickMortyPediaTests.xctest; sourceTree = BUILT_PRODUCTS_DIR; };
		334578742D09CAE800413004 /* RickMortyPediaUITests.xctest */ = {isa = PBXFileReference; explicitFileType = wrapper.cfbundle; includeInIndex = 0; path = RickMortyPediaUITests.xctest; sourceTree = BUILT_PRODUCTS_DIR; };
/* End PBXFileReference section */

/* Begin PBXFileSystemSynchronizedBuildFileExceptionSet section */
		3345787C2D09CAE800413004 /* Exceptions for "RickMortyPedia" folder in "RickMortyPedia" target */ = {
			isa = PBXFileSystemSynchronizedBuildFileExceptionSet;
			membershipExceptions = (
				Info.plist,
			);
			target = 334578532D09CAE700413004 /* RickMortyPedia */;
		};
/* End PBXFileSystemSynchronizedBuildFileExceptionSet section */

/* Begin PBXFileSystemSynchronizedRootGroup section */
		334578562D09CAE700413004 /* RickMortyPedia */ = {
			isa = PBXFileSystemSynchronizedRootGroup;
			exceptions = (
				3345787C2D09CAE800413004 /* Exceptions for "RickMortyPedia" folder in "RickMortyPedia" target */,
			);
			path = RickMortyPedia;
			sourceTree = "<group>";
		};
		3345786D2D09CAE800413004 /* RickMortyPediaTests */ = {
			isa = PBXFileSystemSynchronizedRootGroup;
			path = RickMortyPediaTests;
			sourceTree = "<group>";
		};
		334578772D09CAE800413004 /* RickMortyPediaUITests */ = {
			isa = PBXFileSystemSynchronizedRootGroup;
			path = RickMortyPediaUITests;
			sourceTree = "<group>";
		};
/* End PBXFileSystemSynchronizedRootGroup section */

/* Begin PBXFrameworksBuildPhase section */
		334578512D09CAE700413004 /* Frameworks */ = {
			isa = PBXFrameworksBuildPhase;
			buildActionMask = 2147483647;
			files = (
			);
			runOnlyForDeploymentPostprocessing = 0;
		};
		334578672D09CAE800413004 /* Frameworks */ = {
			isa = PBXFrameworksBuildPhase;
			buildActionMask = 2147483647;
			files = (
			);
			runOnlyForDeploymentPostprocessing = 0;
		};
		334578712D09CAE800413004 /* Frameworks */ = {
			isa = PBXFrameworksBuildPhase;
			buildActionMask = 2147483647;
			files = (
			);
			runOnlyForDeploymentPostprocessing = 0;
		};
/* End PBXFrameworksBuildPhase section */

/* Begin PBXGroup section */
		3345784B2D09CAE700413004 = {
			isa = PBXGroup;
			children = (
				334578562D09CAE700413004 /* RickMortyPedia */,
				3345786D2D09CAE800413004 /* RickMortyPediaTests */,
				334578772D09CAE800413004 /* RickMortyPediaUITests */,
				334578552D09CAE700413004 /* Products */,
			);
			sourceTree = "<group>";
		};
		334578552D09CAE700413004 /* Products */ = {
			isa = PBXGroup;
			children = (
				334578542D09CAE700413004 /* RickMortyPedia.app */,
				3345786A2D09CAE800413004 /* RickMortyPediaTests.xctest */,
				334578742D09CAE800413004 /* RickMortyPediaUITests.xctest */,
			);
			name = Products;
			sourceTree = "<group>";
		};
/* End PBXGroup section */

/* Begin PBXNativeTarget section */
		334578532D09CAE700413004 /* RickMortyPedia */ = {
			isa = PBXNativeTarget;
			buildConfigurationList = 3345787D2D09CAE800413004 /* Build configuration list for PBXNativeTarget "RickMortyPedia" */;
			buildPhases = (
				334578502D09CAE700413004 /* Sources */,
				334578512D09CAE700413004 /* Frameworks */,
				334578522D09CAE700413004 /* Resources */,
			);
			buildRules = (
			);
			dependencies = (
			);
			fileSystemSynchronizedGroups = (
				334578562D09CAE700413004 /* RickMortyPedia */,
			);
			name = RickMortyPedia;
			packageProductDependencies = (
			);
			productName = RickMortyPedia;
			productReference = 334578542D09CAE700413004 /* RickMortyPedia.app */;
			productType = "com.apple.product-type.application";
		};
		334578692D09CAE800413004 /* RickMortyPediaTests */ = {
			isa = PBXNativeTarget;
			buildConfigurationList = 334578822D09CAE800413004 /* Build configuration list for PBXNativeTarget "RickMortyPediaTests" */;
			buildPhases = (
				334578662D09CAE800413004 /* Sources */,
				334578672D09CAE800413004 /* Frameworks */,
				334578682D09CAE800413004 /* Resources */,
			);
			buildRules = (
			);
			dependencies = (
				3345786C2D09CAE800413004 /* PBXTargetDependency */,
			);
			fileSystemSynchronizedGroups = (
				3345786D2D09CAE800413004 /* RickMortyPediaTests */,
			);
			name = RickMortyPediaTests;
			packageProductDependencies = (
			);
			productName = RickMortyPediaTests;
			productReference = 3345786A2D09CAE800413004 /* RickMortyPediaTests.xctest */;
			productType = "com.apple.product-type.bundle.unit-test";
		};
		334578732D09CAE800413004 /* RickMortyPediaUITests */ = {
			isa = PBXNativeTarget;
			buildConfigurationList = 334578852D09CAE800413004 /* Build configuration list for PBXNativeTarget "RickMortyPediaUITests" */;
			buildPhases = (
				334578702D09CAE800413004 /* Sources */,
				334578712D09CAE800413004 /* Frameworks */,
				334578722D09CAE800413004 /* Resources */,
			);
			buildRules = (
			);
			dependencies = (
				334578762D09CAE800413004 /* PBXTargetDependency */,
			);
			fileSystemSynchronizedGroups = (
				334578772D09CAE800413004 /* RickMortyPediaUITests */,
			);
			name = RickMortyPediaUITests;
			packageProductDependencies = (
			);
			productName = RickMortyPediaUITests;
			productReference = 334578742D09CAE800413004 /* RickMortyPediaUITests.xctest */;
			productType = "com.apple.product-type.bundle.ui-testing";
		};
/* End PBXNativeTarget section */

/* Begin PBXProject section */
		3345784C2D09CAE700413004 /* Project object */ = {
			isa = PBXProject;
			attributes = {
				BuildIndependentTargetsInParallel = 1;
				LastSwiftUpdateCheck = 1610;
				LastUpgradeCheck = 1610;
				TargetAttributes = {
					334578532D09CAE700413004 = {
						CreatedOnToolsVersion = 16.1;
					};
					334578692D09CAE800413004 = {
						CreatedOnToolsVersion = 16.1;
						TestTargetID = 334578532D09CAE700413004;
					};
					334578732D09CAE800413004 = {
						CreatedOnToolsVersion = 16.1;
						TestTargetID = 334578532D09CAE700413004;
					};
				};
			};
			buildConfigurationList = 3345784F2D09CAE700413004 /* Build configuration list for PBXProject "RickMortyPedia" */;
			developmentRegion = en;
			hasScannedForEncodings = 0;
			knownRegions = (
				en,
				Base,
			);
			mainGroup = 3345784B2D09CAE700413004;
			minimizedProjectReferenceProxies = 1;
			preferredProjectObjectVersion = 77;
			productRefGroup = 334578552D09CAE700413004 /* Products */;
			projectDirPath = "";
			projectRoot = "";
			targets = (
				334578532D09CAE700413004 /* RickMortyPedia */,
				334578692D09CAE800413004 /* RickMortyPediaTests */,
				334578732D09CAE800413004 /* RickMortyPediaUITests */,
			);
		};
/* End PBXProject section */

/* Begin PBXResourcesBuildPhase section */
		334578522D09CAE700413004 /* Resources */ = {
			isa = PBXResourcesBuildPhase;
			buildActionMask = 2147483647;
			files = (
			);
			runOnlyForDeploymentPostprocessing = 0;
		};
		334578682D09CAE800413004 /* Resources */ = {
			isa = PBXResourcesBuildPhase;
			buildActionMask = 2147483647;
			files = (
			);
			runOnlyForDeploymentPostprocessing = 0;
		};
		334578722D09CAE800413004 /* Resources */ = {
			isa = PBXResourcesBuildPhase;
			buildActionMask = 2147483647;
			files = (
			);
			runOnlyForDeploymentPostprocessing = 0;
		};
/* End PBXResourcesBuildPhase section */

/* Begin PBXSourcesBuildPhase section */
		334578502D09CAE700413004 /* Sources */ = {
			isa = PBXSourcesBuildPhase;
			buildActionMask = 2147483647;
			files = (
			);
			runOnlyForDeploymentPostprocessing = 0;
		};
		334578662D09CAE800413004 /* Sources */ = {
			isa = PBXSourcesBuildPhase;
			buildActionMask = 2147483647;
			files = (
			);
			runOnlyForDeploymentPostprocessing = 0;
		};
		334578702D09CAE800413004 /* Sources */ = {
			isa = PBXSourcesBuildPhase;
			buildActionMask = 2147483647;
			files = (
			);
			runOnlyForDeploymentPostprocessing = 0;
		};
/* End PBXSourcesBuildPhase section */

/* Begin PBXTargetDependency section */
		3345786C2D09CAE800413004 /* PBXTargetDependency */ = {
			isa = PBXTargetDependency;
			target = 334578532D09CAE700413004 /* RickMortyPedia */;
			targetProxy = 3345786B2D09CAE800413004 /* PBXContainerItemProxy */;
		};
		334578762D09CAE800413004 /* PBXTargetDependency */ = {
			isa = PBXTargetDependency;
			target = 334578532D09CAE700413004 /* RickMortyPedia */;
			targetProxy = 334578752D09CAE800413004 /* PBXContainerItemProxy */;
		};
/* End PBXTargetDependency section */

/* Begin XCBuildConfiguration section */
		3345787E2D09CAE800413004 /* Debug */ = {
			isa = XCBuildConfiguration;
			buildSettings = {
				ASSETCATALOG_COMPILER_APPICON_NAME = AppIcon;
				ASSETCATALOG_COMPILER_GLOBAL_ACCENT_COLOR_NAME = AccentColor;
				CODE_SIGN_STYLE = Automatic;
				CURRENT_PROJECT_VERSION = 1;
				DEVELOPMENT_TEAM = KKGMGFZ85J;
				GENERATE_INFOPLIST_FILE = YES;
				INFOPLIST_FILE = RickMortyPedia/Info.plist;
				INFOPLIST_KEY_UIApplicationSupportsIndirectInputEvents = YES;
				INFOPLIST_KEY_UILaunchStoryboardName = LaunchScreen;
				INFOPLIST_KEY_UISupportedInterfaceOrientations_iPad = "UIInterfaceOrientationPortrait UIInterfaceOrientationPortraitUpsideDown UIInterfaceOrientationLandscapeLeft UIInterfaceOrientationLandscapeRight";
				INFOPLIST_KEY_UISupportedInterfaceOrientations_iPhone = "UIInterfaceOrientationPortrait UIInterfaceOrientationLandscapeLeft UIInterfaceOrientationLandscapeRight";
				LD_RUNPATH_SEARCH_PATHS = (
					"$(inherited)",
					"@executable_path/Frameworks",
				);
				MARKETING_VERSION = 1.0;
				PRODUCT_BUNDLE_IDENTIFIER = ru.chatan.RickMortyPedia;
				PRODUCT_NAME = "$(TARGET_NAME)";
				SWIFT_EMIT_LOC_STRINGS = YES;
				SWIFT_VERSION = 5.0;
				TARGETED_DEVICE_FAMILY = "1,2";
			};
			name = Debug;
		};
		3345787F2D09CAE800413004 /* Release */ = {
			isa = XCBuildConfiguration;
			buildSettings = {
				ASSETCATALOG_COMPILER_APPICON_NAME = AppIcon;
				ASSETCATALOG_COMPILER_GLOBAL_ACCENT_COLOR_NAME = AccentColor;
				CODE_SIGN_STYLE = Automatic;
				CURRENT_PROJECT_VERSION = 1;
				DEVELOPMENT_TEAM = KKGMGFZ85J;
				GENERATE_INFOPLIST_FILE = YES;
				INFOPLIST_FILE = RickMortyPedia/Info.plist;
				INFOPLIST_KEY_UIApplicationSupportsIndirectInputEvents = YES;
				INFOPLIST_KEY_UILaunchStoryboardName = LaunchScreen;
				INFOPLIST_KEY_UISupportedInterfaceOrientations_iPad = "UIInterfaceOrientationPortrait UIInterfaceOrientationPortraitUpsideDown UIInterfaceOrientationLandscapeLeft UIInterfaceOrientationLandscapeRight";
				INFOPLIST_KEY_UISupportedInterfaceOrientations_iPhone = "UIInterfaceOrientationPortrait UIInterfaceOrientationLandscapeLeft UIInterfaceOrientationLandscapeRight";
				LD_RUNPATH_SEARCH_PATHS = (
					"$(inherited)",
					"@executable_path/Frameworks",
				);
				MARKETING_VERSION = 1.0;
				PRODUCT_BUNDLE_IDENTIFIER = ru.chatan.RickMortyPedia;
				PRODUCT_NAME = "$(TARGET_NAME)";
				SWIFT_EMIT_LOC_STRINGS = YES;
				SWIFT_VERSION = 5.0;
				TARGETED_DEVICE_FAMILY = "1,2";
			};
			name = Release;
		};
		334578802D09CAE800413004 /* Debug */ = {
			isa = XCBuildConfiguration;
			buildSettings = {
				ALWAYS_SEARCH_USER_PATHS = NO;
				ASSETCATALOG_COMPILER_GENERATE_SWIFT_ASSET_SYMBOL_EXTENSIONS = YES;
				CLANG_ANALYZER_NONNULL = YES;
				CLANG_ANALYZER_NUMBER_OBJECT_CONVERSION = YES_AGGRESSIVE;
				CLANG_CXX_LANGUAGE_STANDARD = "gnu++20";
				CLANG_ENABLE_MODULES = YES;
				CLANG_ENABLE_OBJC_ARC = YES;
				CLANG_ENABLE_OBJC_WEAK = YES;
				CLANG_WARN_BLOCK_CAPTURE_AUTORELEASING = YES;
				CLANG_WARN_BOOL_CONVERSION = YES;
				CLANG_WARN_COMMA = YES;
				CLANG_WARN_CONSTANT_CONVERSION = YES;
				CLANG_WARN_DEPRECATED_OBJC_IMPLEMENTATIONS = YES;
				CLANG_WARN_DIRECT_OBJC_ISA_USAGE = YES_ERROR;
				CLANG_WARN_DOCUMENTATION_COMMENTS = YES;
				CLANG_WARN_EMPTY_BODY = YES;
				CLANG_WARN_ENUM_CONVERSION = YES;
				CLANG_WARN_INFINITE_RECURSION = YES;
				CLANG_WARN_INT_CONVERSION = YES;
				CLANG_WARN_NON_LITERAL_NULL_CONVERSION = YES;
				CLANG_WARN_OBJC_IMPLICIT_RETAIN_SELF = YES;
				CLANG_WARN_OBJC_LITERAL_CONVERSION = YES;
				CLANG_WARN_OBJC_ROOT_CLASS = YES_ERROR;
				CLANG_WARN_QUOTED_INCLUDE_IN_FRAMEWORK_HEADER = YES;
				CLANG_WARN_RANGE_LOOP_ANALYSIS = YES;
				CLANG_WARN_STRICT_PROTOTYPES = YES;
				CLANG_WARN_SUSPICIOUS_MOVE = YES;
				CLANG_WARN_UNGUARDED_AVAILABILITY = YES_AGGRESSIVE;
				CLANG_WARN_UNREACHABLE_CODE = YES;
				CLANG_WARN__DUPLICATE_METHOD_MATCH = YES;
				COPY_PHASE_STRIP = NO;
				DEBUG_INFORMATION_FORMAT = dwarf;
				ENABLE_STRICT_OBJC_MSGSEND = YES;
				ENABLE_TESTABILITY = YES;
				ENABLE_USER_SCRIPT_SANDBOXING = YES;
				GCC_C_LANGUAGE_STANDARD = gnu17;
				GCC_DYNAMIC_NO_PIC = NO;
				GCC_NO_COMMON_BLOCKS = YES;
				GCC_OPTIMIZATION_LEVEL = 0;
				GCC_PREPROCESSOR_DEFINITIONS = (
					"DEBUG=1",
					"$(inherited)",
				);
				GCC_WARN_64_TO_32_BIT_CONVERSION = YES;
				GCC_WARN_ABOUT_RETURN_TYPE = YES_ERROR;
				GCC_WARN_UNDECLARED_SELECTOR = YES;
				GCC_WARN_UNINITIALIZED_AUTOS = YES_AGGRESSIVE;
				GCC_WARN_UNUSED_FUNCTION = YES;
				GCC_WARN_UNUSED_VARIABLE = YES;
				IPHONEOS_DEPLOYMENT_TARGET = 18.1;
				LOCALIZATION_PREFERS_STRING_CATALOGS = YES;
				MTL_ENABLE_DEBUG_INFO = INCLUDE_SOURCE;
				MTL_FAST_MATH = YES;
				ONLY_ACTIVE_ARCH = YES;
				SDKROOT = iphoneos;
				SWIFT_ACTIVE_COMPILATION_CONDITIONS = "DEBUG $(inherited)";
				SWIFT_OPTIMIZATION_LEVEL = "-Onone";
			};
			name = Debug;
		};
		334578812D09CAE800413004 /* Release */ = {
			isa = XCBuildConfiguration;
			buildSettings = {
				ALWAYS_SEARCH_USER_PATHS = NO;
				ASSETCATALOG_COMPILER_GENERATE_SWIFT_ASSET_SYMBOL_EXTENSIONS = YES;
				CLANG_ANALYZER_NONNULL = YES;
				CLANG_ANALYZER_NUMBER_OBJECT_CONVERSION = YES_AGGRESSIVE;
				CLANG_CXX_LANGUAGE_STANDARD = "gnu++20";
				CLANG_ENABLE_MODULES = YES;
				CLANG_ENABLE_OBJC_ARC = YES;
				CLANG_ENABLE_OBJC_WEAK = YES;
				CLANG_WARN_BLOCK_CAPTURE_AUTORELEASING = YES;
				CLANG_WARN_BOOL_CONVERSION = YES;
				CLANG_WARN_COMMA = YES;
				CLANG_WARN_CONSTANT_CONVERSION = YES;
				CLANG_WARN_DEPRECATED_OBJC_IMPLEMENTATIONS = YES;
				CLANG_WARN_DIRECT_OBJC_ISA_USAGE = YES_ERROR;
				CLANG_WARN_DOCUMENTATION_COMMENTS = YES;
				CLANG_WARN_EMPTY_BODY = YES;
				CLANG_WARN_ENUM_CONVERSION = YES;
				CLANG_WARN_INFINITE_RECURSION = YES;
				CLANG_WARN_INT_CONVERSION = YES;
				CLANG_WARN_NON_LITERAL_NULL_CONVERSION = YES;
				CLANG_WARN_OBJC_IMPLICIT_RETAIN_SELF = YES;
				CLANG_WARN_OBJC_LITERAL_CONVERSION = YES;
				CLANG_WARN_OBJC_ROOT_CLASS = YES_ERROR;
				CLANG_WARN_QUOTED_INCLUDE_IN_FRAMEWORK_HEADER = YES;
				CLANG_WARN_RANGE_LOOP_ANALYSIS = YES;
				CLANG_WARN_STRICT_PROTOTYPES = YES;
				CLANG_WARN_SUSPICIOUS_MOVE = YES;
				CLANG_WARN_UNGUARDED_AVAILABILITY = YES_AGGRESSIVE;
				CLANG_WARN_UNREACHABLE_CODE = YES;
				CLANG_WARN__DUPLICATE_METHOD_MATCH = YES;
				COPY_PHASE_STRIP = NO;
				DEBUG_INFORMATION_FORMAT = "dwarf-with-dsym";
				ENABLE_NS_ASSERTIONS = NO;
				ENABLE_STRICT_OBJC_MSGSEND = YES;
				ENABLE_USER_SCRIPT_SANDBOXING = YES;
				GCC_C_LANGUAGE_STANDARD = gnu17;
				GCC_NO_COMMON_BLOCKS = YES;
				GCC_WARN_64_TO_32_BIT_CONVERSION = YES;
				GCC_WARN_ABOUT_RETURN_TYPE = YES_ERROR;
				GCC_WARN_UNDECLARED_SELECTOR = YES;
				GCC_WARN_UNINITIALIZED_AUTOS = YES_AGGRESSIVE;
				GCC_WARN_UNUSED_FUNCTION = YES;
				GCC_WARN_UNUSED_VARIABLE = YES;
				IPHONEOS_DEPLOYMENT_TARGET = 18.1;
				LOCALIZATION_PREFERS_STRING_CATALOGS = YES;
				MTL_ENABLE_DEBUG_INFO = NO;
				MTL_FAST_MATH = YES;
				SDKROOT = iphoneos;
				SWIFT_COMPILATION_MODE = wholemodule;
				VALIDATE_PRODUCT = YES;
			};
			name = Release;
		};
		334578832D09CAE800413004 /* Debug */ = {
			isa = XCBuildConfiguration;
			buildSettings = {
				BUNDLE_LOADER = "$(TEST_HOST)";
				CODE_SIGN_STYLE = Automatic;
				CURRENT_PROJECT_VERSION = 1;
				DEVELOPMENT_TEAM = KKGMGFZ85J;
				GENERATE_INFOPLIST_FILE = YES;
				IPHONEOS_DEPLOYMENT_TARGET = 18.1;
				MARKETING_VERSION = 1.0;
				PRODUCT_BUNDLE_IDENTIFIER = ru.chatan.RickMortyPediaTests;
				PRODUCT_NAME = "$(TARGET_NAME)";
				SWIFT_EMIT_LOC_STRINGS = NO;
				SWIFT_VERSION = 5.0;
				TARGETED_DEVICE_FAMILY = "1,2";
				TEST_HOST = "$(BUILT_PRODUCTS_DIR)/RickMortyPedia.app/$(BUNDLE_EXECUTABLE_FOLDER_PATH)/RickMortyPedia";
			};
			name = Debug;
		};
		334578842D09CAE800413004 /* Release */ = {
			isa = XCBuildConfiguration;
			buildSettings = {
				BUNDLE_LOADER = "$(TEST_HOST)";
				CODE_SIGN_STYLE = Automatic;
				CURRENT_PROJECT_VERSION = 1;
				DEVELOPMENT_TEAM = KKGMGFZ85J;
				GENERATE_INFOPLIST_FILE = YES;
				IPHONEOS_DEPLOYMENT_TARGET = 18.1;
				MARKETING_VERSION = 1.0;
				PRODUCT_BUNDLE_IDENTIFIER = ru.chatan.RickMortyPediaTests;
				PRODUCT_NAME = "$(TARGET_NAME)";
				SWIFT_EMIT_LOC_STRINGS = NO;
				SWIFT_VERSION = 5.0;
				TARGETED_DEVICE_FAMILY = "1,2";
				TEST_HOST = "$(BUILT_PRODUCTS_DIR)/RickMortyPedia.app/$(BUNDLE_EXECUTABLE_FOLDER_PATH)/RickMortyPedia";
			};
			name = Release;
		};
		334578862D09CAE800413004 /* Debug */ = {
			isa = XCBuildConfiguration;
			buildSettings = {
				CODE_SIGN_STYLE = Automatic;
				CURRENT_PROJECT_VERSION = 1;
				DEVELOPMENT_TEAM = KKGMGFZ85J;
				GENERATE_INFOPLIST_FILE = YES;
				MARKETING_VERSION = 1.0;
				PRODUCT_BUNDLE_IDENTIFIER = ru.chatan.RickMortyPediaUITests;
				PRODUCT_NAME = "$(TARGET_NAME)";
				SWIFT_EMIT_LOC_STRINGS = NO;
				SWIFT_VERSION = 5.0;
				TARGETED_DEVICE_FAMILY = "1,2";
				TEST_TARGET_NAME = RickMortyPedia;
			};
			name = Debug;
		};
		334578872D09CAE800413004 /* Release */ = {
			isa = XCBuildConfiguration;
			buildSettings = {
				CODE_SIGN_STYLE = Automatic;
				CURRENT_PROJECT_VERSION = 1;
				DEVELOPMENT_TEAM = KKGMGFZ85J;
				GENERATE_INFOPLIST_FILE = YES;
				MARKETING_VERSION = 1.0;
				PRODUCT_BUNDLE_IDENTIFIER = ru.chatan.RickMortyPediaUITests;
				PRODUCT_NAME = "$(TARGET_NAME)";
				SWIFT_EMIT_LOC_STRINGS = NO;
				SWIFT_VERSION = 5.0;
				TARGETED_DEVICE_FAMILY = "1,2";
				TEST_TARGET_NAME = RickMortyPedia;
			};
			name = Release;
		};
/* End XCBuildConfiguration section */

/* Begin XCConfigurationList section */
		3345784F2D09CAE700413004 /* Build configuration list for PBXProject "RickMortyPedia" */ = {
			isa = XCConfigurationList;
			buildConfigurations = (
				334578802D09CAE800413004 /* Debug */,
				334578812D09CAE800413004 /* Release */,
			);
			defaultConfigurationIsVisible = 0;
			defaultConfigurationName = Release;
		};
		3345787D2D09CAE800413004 /* Build configuration list for PBXNativeTarget "RickMortyPedia" */ = {
			isa = XCConfigurationList;
			buildConfigurations = (
				3345787E2D09CAE800413004 /* Debug */,
				3345787F2D09CAE800413004 /* Release */,
			);
			defaultConfigurationIsVisible = 0;
			defaultConfigurationName = Release;
		};
		334578822D09CAE800413004 /* Build configuration list for PBXNativeTarget "RickMortyPediaTests" */ = {
			isa = XCConfigurationList;
			buildConfigurations = (
				334578832D09CAE800413004 /* Debug */,
				334578842D09CAE800413004 /* Release */,
			);
			defaultConfigurationIsVisible = 0;
			defaultConfigurationName = Release;
		};
		334578852D09CAE800413004 /* Build configuration list for PBXNativeTarget "RickMortyPediaUITests" */ = {
			isa = XCConfigurationList;
			buildConfigurations = (
				334578862D09CAE800413004 /* Debug */,
				334578872D09CAE800413004 /* Release */,
			);
			defaultConfigurationIsVisible = 0;
			defaultConfigurationName = Release;
		};
/* End XCConfigurationList section */
	};
	rootObject = 3345784C2D09CAE700413004 /* Project object */;
}
